{
  "name": "roots",
  "version": "0.0.1",
  "lockfileVersion": 2,
  "requires": true,
  "packages": {
    "": {
      "name": "roots",
      "version": "0.0.1",
      "license": "MIT",
      "dependencies": {
        "turbo": "1.10.3"
      }
    },
    "node_modules/turbo": {
      "version": "1.10.3",
      "resolved": "https://registry.npmjs.org/turbo/-/turbo-1.10.3.tgz",
      "integrity": "sha512-U4gKCWcKgLcCjQd4Pl8KJdfEKumpyWbzRu75A6FCj6Ctea1PIm58W6Ltw1QXKqHrl2pF9e1raAskf/h6dlrPCA==",
      "hasInstallScript": true,
      "bin": {
        "turbo": "bin/turbo"
      },
      "optionalDependencies": {
        "turbo-darwin-64": "1.10.3",
        "turbo-darwin-arm64": "1.10.3",
        "turbo-linux-64": "1.10.3",
        "turbo-linux-arm64": "1.10.3",
        "turbo-windows-64": "1.10.3",
        "turbo-windows-arm64": "1.10.3"
      }
    },
    "node_modules/turbo-darwin-64": {
      "version": "1.10.3",
      "resolved": "https://registry.npmjs.org/turbo-darwin-64/-/turbo-darwin-64-1.10.3.tgz",
      "integrity": "sha512-IIB9IomJGyD3EdpSscm7Ip1xVWtYb7D0x7oH3vad3gjFcjHJzDz9xZ/iw/qItFEW+wGFcLSRPd+1BNnuLM8AsA==",
      "cpu": [
        "x64"
      ],
      "optional": true,
      "os": [
        "darwin"
      ]
    },
    "node_modules/turbo-darwin-arm64": {
      "version": "1.10.3",
      "resolved": "https://registry.npmjs.org/turbo-darwin-arm64/-/turbo-darwin-arm64-1.10.3.tgz",
      "integrity": "sha512-SBNmOZU9YEB0eyNIxeeQ+Wi0Ufd+nprEVp41rgUSRXEIpXjsDjyBnKnF+sQQj3+FLb4yyi/yZQckB+55qXWEsw==",
      "cpu": [
        "arm64"
      ],
      "optional": true,
      "os": [
        "darwin"
      ]
    },
    "node_modules/turbo-linux-64": {
      "version": "1.10.3",
      "resolved": "https://registry.npmjs.org/turbo-linux-64/-/turbo-linux-64-1.10.3.tgz",
      "integrity": "sha512-kvAisGKE7xHJdyMxZLvg53zvHxjqPK1UVj4757PQqtx9dnjYHSc8epmivE6niPgDHon5YqImzArCjVZJYpIGHQ==",
      "cpu": [
        "x64"
      ],
      "optional": true,
      "os": [
        "linux"
      ]
    },
    "node_modules/turbo-linux-arm64": {
      "version": "1.10.3",
      "resolved": "https://registry.npmjs.org/turbo-linux-arm64/-/turbo-linux-arm64-1.10.3.tgz",
      "integrity": "sha512-Qgaqln0IYRgyL0SowJOi+PNxejv1I2xhzXOI+D+z4YHbgSx87ox1IsALYBlK8VRVYY8VCXl+PN12r1ioV09j7A==",
      "cpu": [
        "arm64"
      ],
      "optional": true,
      "os": [
        "linux"
      ]
    },
    "node_modules/turbo-windows-64": {
      "version": "1.10.3",
      "resolved": "https://registry.npmjs.org/turbo-windows-64/-/turbo-windows-64-1.10.3.tgz",
      "integrity": "sha512-rbH9wManURNN8mBnN/ZdkpUuTvyVVEMiUwFUX4GVE5qmV15iHtZfDLUSGGCP2UFBazHcpNHG1OJzgc55GFFrUw==",
      "cpu": [
        "x64"
      ],
      "optional": true,
      "os": [
        "win32"
      ]
    },
    "node_modules/turbo-windows-arm64": {
      "version": "1.10.3",
      "resolved": "https://registry.npmjs.org/turbo-windows-arm64/-/turbo-windows-arm64-1.10.3.tgz",
      "integrity": "sha512-ThlkqxhcGZX39CaTjsHqJnqVe+WImjX13pmjnpChz6q5HHbeRxaJSFzgrHIOt0sUUVx90W/WrNRyoIt/aafniw==",
      "cpu": [
        "arm64"
      ],
      "optional": true,
      "os": [
        "win32"
      ]
    }
  },
  "dependencies": {
    "turbo": {
      "version": "1.10.3",
      "resolved": "https://registry.npmjs.org/turbo/-/turbo-1.10.3.tgz",
      "integrity": "sha512-U4gKCWcKgLcCjQd4Pl8KJdfEKumpyWbzRu75A6FCj6Ctea1PIm58W6Ltw1QXKqHrl2pF9e1raAskf/h6dlrPCA==",
      "requires": {
        "turbo-darwin-64": "1.10.3",
        "turbo-darwin-arm64": "1.10.3",
        "turbo-linux-64": "1.10.3",
        "turbo-linux-arm64": "1.10.3",
        "turbo-windows-64": "1.10.3",
        "turbo-windows-arm64": "1.10.3"
      }
    },
    "turbo-darwin-64": {
      "version": "1.10.3",
      "resolved": "https://registry.npmjs.org/turbo-darwin-64/-/turbo-darwin-64-1.10.3.tgz",
      "integrity": "sha512-IIB9IomJGyD3EdpSscm7Ip1xVWtYb7D0x7oH3vad3gjFcjHJzDz9xZ/iw/qItFEW+wGFcLSRPd+1BNnuLM8AsA==",
      "optional": true
    },
    "turbo-darwin-arm64": {
      "version": "1.10.3",
      "resolved": "https://registry.npmjs.org/turbo-darwin-arm64/-/turbo-darwin-arm64-1.10.3.tgz",
      "integrity": "sha512-SBNmOZU9YEB0eyNIxeeQ+Wi0Ufd+nprEVp41rgUSRXEIpXjsDjyBnKnF+sQQj3+FLb4yyi/yZQckB+55qXWEsw==",
      "optional": true
    },
    "turbo-linux-64": {
      "version": "1.10.3",
      "resolved": "https://registry.npmjs.org/turbo-linux-64/-/turbo-linux-64-1.10.3.tgz",
      "integrity": "sha512-kvAisGKE7xHJdyMxZLvg53zvHxjqPK1UVj4757PQqtx9dnjYHSc8epmivE6niPgDHon5YqImzArCjVZJYpIGHQ==",
      "optional": true
    },
    "turbo-linux-arm64": {
      "version": "1.10.3",
      "resolved": "https://registry.npmjs.org/turbo-linux-arm64/-/turbo-linux-arm64-1.10.3.tgz",
      "integrity": "sha512-Qgaqln0IYRgyL0SowJOi+PNxejv1I2xhzXOI+D+z4YHbgSx87ox1IsALYBlK8VRVYY8VCXl+PN12r1ioV09j7A==",
      "optional": true
    },
    "turbo-windows-64": {
      "version": "1.10.3",
      "resolved": "https://registry.npmjs.org/turbo-windows-64/-/turbo-windows-64-1.10.3.tgz",
      "integrity": "sha512-rbH9wManURNN8mBnN/ZdkpUuTvyVVEMiUwFUX4GVE5qmV15iHtZfDLUSGGCP2UFBazHcpNHG1OJzgc55GFFrUw==",
      "optional": true
    },
    "turbo-windows-arm64": {
      "version": "1.10.3",
      "resolved": "https://registry.npmjs.org/turbo-windows-arm64/-/turbo-windows-arm64-1.10.3.tgz",
      "integrity": "sha512-ThlkqxhcGZX39CaTjsHqJnqVe+WImjX13pmjnpChz6q5HHbeRxaJSFzgrHIOt0sUUVx90W/WrNRyoIt/aafniw==",
      "optional": true
    }
  }
}
